
Microsoft Visual Studio Solution File, Format Version 12.00
# Visual Studio Version 16
VisualStudioVersion = 16.0.29020.237
MinimumVisualStudioVersion = 10.0.40219.1
Project("{FAE04EC0-301F-11D3-BF4B-00C04F79EFBC}") = "LittleHelpers", "Sources\LittleHelpers.csproj", "{6E40BA85-E02C-49AE-BA45-E5DDFAF59730}"
EndProject
Project("{2150E333-8FDC-42A3-9474-1A3956D46DE8}") = "Solution Items", "Solution Items", "{9E495E61-30E5-4399-9D0E-36388EA17151}"
	ProjectSection(SolutionItems) = preProject
		appveyor.yml = appveyor.yml
		CHANGELOG.md = CHANGELOG.md
		README.md = README.md
	EndProjectSection
EndProject
Project("{FAE04EC0-301F-11D3-BF4B-00C04F79EFBC}") = "ProjectTool.Core", "ProjectTool\ProjectTool.Core\ProjectTool.Core.csproj", "{44F8D6D3-E362-47D3-911A-3234A3D55645}"
EndProject
Project("{FAE04EC0-301F-11D3-BF4B-00C04F79EFBC}") = "ProjectTool", "ProjectTool\ProjectTool\ProjectTool.csproj", "{9F92BD5F-3DDC-4063-8D65-84BF6A030FC1}"
EndProject
Project("{FAE04EC0-301F-11D3-BF4B-00C04F79EFBC}") = "IconFactory.Core", "IconFactory\IconFactory.Core\IconFactory.Core.csproj", "{1A5B217C-A0ED-4823-A498-1B3DB276F70A}"
EndProject
Project("{FAE04EC0-301F-11D3-BF4B-00C04F79EFBC}") = "IconFactory", "IconFactory\IconFactory\IconFactory.csproj", "{FEEEE4FD-59AB-4928-AB8F-B69A3867CBA9}"
EndProject
Project("{FAE04EC0-301F-11D3-BF4B-00C04F79EFBC}") = "UpdateVersionInfo", "UpdateVersionInfo\UpdateVersionInfo\UpdateVersionInfo.csproj", "{F8E0BBC0-0C40-485C-8DEA-A2635C299CC7}"
EndProject
Project("{9A19103F-16F7-4668-BE54-9A1E7A4F7556}") = "UpdateVersionInfo.Core", "UpdateVersionInfo\UpdateVersionInfo.Core\UpdateVersionInfo.Core.csproj", "{551A0AC6-5BF1-4E8E-ABC7-FDD9FB66B9C2}"
EndProject
Project("{FAE04EC0-301F-11D3-BF4B-00C04F79EFBC}") = "FileSync", "FileSync\FileSync\FileSync.csproj", "{F8BA4BEA-A412-48D1-93BF-82AF264C6DF2}"
EndProject
Global
	GlobalSection(SolutionConfigurationPlatforms) = preSolution
		Debug|Any CPU = Debug|Any CPU
		Release|Any CPU = Release|Any CPU
	EndGlobalSection
	GlobalSection(ProjectConfigurationPlatforms) = postSolution
		{6E40BA85-E02C-49AE-BA45-E5DDFAF59730}.Debug|Any CPU.ActiveCfg = Debug|Any CPU
		{6E40BA85-E02C-49AE-BA45-E5DDFAF59730}.Debug|Any CPU.Build.0 = Debug|Any CPU
		{6E40BA85-E02C-49AE-BA45-E5DDFAF59730}.Release|Any CPU.ActiveCfg = Release|Any CPU
		{6E40BA85-E02C-49AE-BA45-E5DDFAF59730}.Release|Any CPU.Build.0 = Release|Any CPU
		{44F8D6D3-E362-47D3-911A-3234A3D55645}.Debug|Any CPU.ActiveCfg = Debug|Any CPU
		{44F8D6D3-E362-47D3-911A-3234A3D55645}.Debug|Any CPU.Build.0 = Debug|Any CPU
		{44F8D6D3-E362-47D3-911A-3234A3D55645}.Release|Any CPU.ActiveCfg = Release|Any CPU
		{44F8D6D3-E362-47D3-911A-3234A3D55645}.Release|Any CPU.Build.0 = Release|Any CPU
		{9F92BD5F-3DDC-4063-8D65-84BF6A030FC1}.Debug|Any CPU.ActiveCfg = Debug|Any CPU
		{9F92BD5F-3DDC-4063-8D65-84BF6A030FC1}.Debug|Any CPU.Build.0 = Debug|Any CPU
		{9F92BD5F-3DDC-4063-8D65-84BF6A030FC1}.Release|Any CPU.ActiveCfg = Release|Any CPU
		{9F92BD5F-3DDC-4063-8D65-84BF6A030FC1}.Release|Any CPU.Build.0 = Release|Any CPU
		{1A5B217C-A0ED-4823-A498-1B3DB276F70A}.Debug|Any CPU.ActiveCfg = Debug|Any CPU
		{1A5B217C-A0ED-4823-A498-1B3DB276F70A}.Debug|Any CPU.Build.0 = Debug|Any CPU
		{1A5B217C-A0ED-4823-A498-1B3DB276F70A}.Release|Any CPU.ActiveCfg = Release|Any CPU
		{1A5B217C-A0ED-4823-A498-1B3DB276F70A}.Release|Any CPU.Build.0 = Release|Any CPU
		{FEEEE4FD-59AB-4928-AB8F-B69A3867CBA9}.Debug|Any CPU.ActiveCfg = Debug|Any CPU
		{FEEEE4FD-59AB-4928-AB8F-B69A3867CBA9}.Debug|Any CPU.Build.0 = Debug|Any CPU
		{FEEEE4FD-59AB-4928-AB8F-B69A3867CBA9}.Release|Any CPU.ActiveCfg = Release|Any CPU
		{FEEEE4FD-59AB-4928-AB8F-B69A3867CBA9}.Release|Any CPU.Build.0 = Release|Any CPU
		{F8E0BBC0-0C40-485C-8DEA-A2635C299CC7}.Debug|Any CPU.ActiveCfg = Debug|Any CPU
		{F8E0BBC0-0C40-485C-8DEA-A2635C299CC7}.Debug|Any CPU.Build.0 = Debug|Any CPU
		{F8E0BBC0-0C40-485C-8DEA-A2635C299CC7}.Release|Any CPU.ActiveCfg = Release|Any CPU
		{F8E0BBC0-0C40-485C-8DEA-A2635C299CC7}.Release|Any CPU.Build.0 = Release|Any CPU
		{551A0AC6-5BF1-4E8E-ABC7-FDD9FB66B9C2}.Debug|Any CPU.ActiveCfg = Debug|Any CPU
		{551A0AC6-5BF1-4E8E-ABC7-FDD9FB66B9C2}.Debug|Any CPU.Build.0 = Debug|Any CPU
		{551A0AC6-5BF1-4E8E-ABC7-FDD9FB66B9C2}.Release|Any CPU.ActiveCfg = Release|Any CPU
		{551A0AC6-5BF1-4E8E-ABC7-FDD9FB66B9C2}.Release|Any CPU.Build.0 = Release|Any CPU
		{F8BA4BEA-A412-48D1-93BF-82AF264C6DF2}.Debug|Any CPU.ActiveCfg = Debug|Any CPU
		{F8BA4BEA-A412-48D1-93BF-82AF264C6DF2}.Debug|Any CPU.Build.0 = Debug|Any CPU
		{F8BA4BEA-A412-48D1-93BF-82AF264C6DF2}.Release|Any CPU.ActiveCfg = Release|Any CPU
		{F8BA4BEA-A412-48D1-93BF-82AF264C6DF2}.Release|Any CPU.Build.0 = Release|Any CPU
	EndGlobalSection
	GlobalSection(SolutionProperties) = preSolution
		HideSolutionNode = FALSE
	EndGlobalSection
	GlobalSection(ExtensibilityGlobals) = postSolution
		SolutionGuid = {F7D43AEA-A06E-43BB-969A-69CCB45DCA28}
	EndGlobalSection
EndGlobal
